
Microsoft Visual Studio Solution File, Format Version 12.00
# Visual Studio Version 17
VisualStudioVersion = 17.4.33213.308
MinimumVisualStudioVersion = 10.0.40219.1
Project("{FAE04EC0-301F-11D3-BF4B-00C04F79EFBC}") = "WebAPI", "WebAPI\WebAPI.csproj", "{B0ED5D7F-41C0-4B73-B2F8-A9D1BB17B436}"
EndProject
Global
	GlobalSection(SolutionConfigurationPlatforms) = preSolution
		Debug|Any CPU = Debug|Any CPU
		Release|Any CPU = Release|Any CPU
	EndGlobalSection
	GlobalSection(ProjectConfigurationPlatforms) = postSolution
		{B0ED5D7F-41C0-4B73-B2F8-A9D1BB17B436}.Debug|Any CPU.ActiveCfg = Debug|Any CPU
		{B0ED5D7F-41C0-4B73-B2F8-A9D1BB17B436}.Debug|Any CPU.Build.0 = Debug|Any CPU
		{B0ED5D7F-41C0-4B73-B2F8-A9D1BB17B436}.Release|Any CPU.ActiveCfg = Release|Any CPU
		{B0ED5D7F-41C0-4B73-B2F8-A9D1BB17B436}.Release|Any CPU.Build.0 = Release|Any CPU
	EndGlobalSection
	GlobalSection(SolutionProperties) = preSolution
		HideSolutionNode = FALSE
	EndGlobalSection
	GlobalSection(ExtensibilityGlobals) = postSolution
		SolutionGuid = {FECBC3B1-FF2C-4166-BE58-EEE8FA9A3335}
	EndGlobalSection
EndGlobal
